
Microsoft Visual Studio Solution File, Format Version 12.00
# Visual Studio Version 17
VisualStudioVersion = 17.1.32203.90
MinimumVisualStudioVersion = 10.0.40219.1
Project("{2150E333-8FDC-42A3-9474-1A3956D46DE8}") = "Framework", "Framework", "{BE4DAC02-10ED-4535-9FC1-C8BD04291D97}"
EndProject
Project("{9A19103F-16F7-4668-BE54-9A1E7A4F7556}") = "Hydrogen", "..\Hydrogen\src\Hydrogen\Hydrogen.csproj", "{71237A42-95D0-4659-8A52-93E0F972AC17}"
EndProject
Project("{9A19103F-16F7-4668-BE54-9A1E7A4F7556}") = "Hydrogen.Application", "..\Hydrogen\src\Hydrogen.Application\Hydrogen.Application.csproj", "{9C3F6A66-E9F1-49F7-AA04-1B870D4AD895}"
EndProject
Project("{9A19103F-16F7-4668-BE54-9A1E7A4F7556}") = "Hydrogen.Windows", "..\Hydrogen\src\Hydrogen.Windows\Hydrogen.Windows.csproj", "{7EEFD5B8-F98C-403A-A31D-2FFBF927CDAB}"
EndProject
Project("{9A19103F-16F7-4668-BE54-9A1E7A4F7556}") = "Hydrogen.Windows.Forms", "..\Hydrogen\src\Hydrogen.Windows.Forms\Hydrogen.Windows.Forms.csproj", "{CF0B3899-4A08-45EA-BB13-707FA49B8EBE}"
EndProject
Project("{9A19103F-16F7-4668-BE54-9A1E7A4F7556}") = "Hydrogen.Data", "..\Hydrogen\src\Hydrogen.Data\Hydrogen.Data.csproj", "{FD223FFE-0EB6-4CBF-96BB-C8008B76B72D}"
EndProject
Project("{9A19103F-16F7-4668-BE54-9A1E7A4F7556}") = "Notion.Client", "..\..\notion-sdk-net\Src\Notion.Client\Notion.Client.csproj", "{CB582BF8-5A78-4F05-905F-27E139485294}"
EndProject
Project("{9A19103F-16F7-4668-BE54-9A1E7A4F7556}") = "LocalNotion.Core", "LocalNotion.Core\LocalNotion.Core.csproj", "{8AF2013A-C681-4638-AD78-292D8BDCB569}"
EndProject
Project("{9A19103F-16F7-4668-BE54-9A1E7A4F7556}") = "LocalNotion.CLI", "LocalNotion.CLI\LocalNotion.CLI.csproj", "{DE1D2590-0B79-491B-B876-26561D468221}"
EndProject
Project("{9A19103F-16F7-4668-BE54-9A1E7A4F7556}") = "Hydrogen.Communications", "..\Hydrogen\src\Hydrogen.Communications\Hydrogen.Communications.csproj", "{236B6958-1D17-4B1E-AAF6-1A3A019FA773}"
EndProject
Project("{9A19103F-16F7-4668-BE54-9A1E7A4F7556}") = "Hydrogen.NETCore", "..\Hydrogen\src\Hydrogen.NETCore\Hydrogen.NETCore.csproj", "{093E0E90-B4E6-47D1-9C47-20B93D9934BA}"
EndProject
Project("{9A19103F-16F7-4668-BE54-9A1E7A4F7556}") = "Hydrogen.Drawing", "..\Hydrogen\src\Hydrogen.Drawing\Hydrogen.Drawing.csproj", "{9212F6D2-5DBA-4FA0-BA89-26B5D988E837}"
EndProject
Project("{9A19103F-16F7-4668-BE54-9A1E7A4F7556}") = "Hydrogen.Web.AspNetCore", "..\Hydrogen\src\Hydrogen.Web.AspNetCore\Hydrogen.Web.AspNetCore.csproj", "{55BD1517-97D6-48CF-BF25-F514F1F0D3D9}"
EndProject
Project("{9A19103F-16F7-4668-BE54-9A1E7A4F7556}") = "Hydrogen.CryptoEx", "..\Hydrogen\src\Hydrogen.CryptoEx\Hydrogen.CryptoEx.csproj", "{F172573D-8A7B-4A67-8636-DE2D08E4012C}"
EndProject
Project("{2150E333-8FDC-42A3-9474-1A3956D46DE8}") = "CI-CD", "CI-CD", "{089C5118-2BC6-4C4D-8B05-3ED561CAB4FC}"
	ProjectSection(SolutionItems) = preProject
		Make-Version.ps1 = Make-Version.ps1
		publish-all.bat = publish-all.bat
		publish-win-x64.bat = publish-win-x64.bat
	EndProjectSection
EndProject
Global
	GlobalSection(SolutionConfigurationPlatforms) = preSolution
		Debug|Any CPU = Debug|Any CPU
		Release|Any CPU = Release|Any CPU
	EndGlobalSection
	GlobalSection(ProjectConfigurationPlatforms) = postSolution
		{71237A42-95D0-4659-8A52-93E0F972AC17}.Debug|Any CPU.ActiveCfg = Debug|Any CPU
		{71237A42-95D0-4659-8A52-93E0F972AC17}.Debug|Any CPU.Build.0 = Debug|Any CPU
		{71237A42-95D0-4659-8A52-93E0F972AC17}.Release|Any CPU.ActiveCfg = Release|Any CPU
		{71237A42-95D0-4659-8A52-93E0F972AC17}.Release|Any CPU.Build.0 = Release|Any CPU
		{9C3F6A66-E9F1-49F7-AA04-1B870D4AD895}.Debug|Any CPU.ActiveCfg = Debug|Any CPU
		{9C3F6A66-E9F1-49F7-AA04-1B870D4AD895}.Debug|Any CPU.Build.0 = Debug|Any CPU
		{9C3F6A66-E9F1-49F7-AA04-1B870D4AD895}.Release|Any CPU.ActiveCfg = Release|Any CPU
		{9C3F6A66-E9F1-49F7-AA04-1B870D4AD895}.Release|Any CPU.Build.0 = Release|Any CPU
		{7EEFD5B8-F98C-403A-A31D-2FFBF927CDAB}.Debug|Any CPU.ActiveCfg = Debug|Any CPU
		{7EEFD5B8-F98C-403A-A31D-2FFBF927CDAB}.Debug|Any CPU.Build.0 = Debug|Any CPU
		{7EEFD5B8-F98C-403A-A31D-2FFBF927CDAB}.Release|Any CPU.ActiveCfg = Release|Any CPU
		{7EEFD5B8-F98C-403A-A31D-2FFBF927CDAB}.Release|Any CPU.Build.0 = Release|Any CPU
		{CF0B3899-4A08-45EA-BB13-707FA49B8EBE}.Debug|Any CPU.ActiveCfg = Debug|Any CPU
		{CF0B3899-4A08-45EA-BB13-707FA49B8EBE}.Debug|Any CPU.Build.0 = Debug|Any CPU
		{CF0B3899-4A08-45EA-BB13-707FA49B8EBE}.Release|Any CPU.ActiveCfg = Release|Any CPU
		{CF0B3899-4A08-45EA-BB13-707FA49B8EBE}.Release|Any CPU.Build.0 = Release|Any CPU
		{FD223FFE-0EB6-4CBF-96BB-C8008B76B72D}.Debug|Any CPU.ActiveCfg = Debug|Any CPU
		{FD223FFE-0EB6-4CBF-96BB-C8008B76B72D}.Debug|Any CPU.Build.0 = Debug|Any CPU
		{FD223FFE-0EB6-4CBF-96BB-C8008B76B72D}.Release|Any CPU.ActiveCfg = Release|Any CPU
		{FD223FFE-0EB6-4CBF-96BB-C8008B76B72D}.Release|Any CPU.Build.0 = Release|Any CPU
		{CB582BF8-5A78-4F05-905F-27E139485294}.Debug|Any CPU.ActiveCfg = Debug|Any CPU
		{CB582BF8-5A78-4F05-905F-27E139485294}.Debug|Any CPU.Build.0 = Debug|Any CPU
		{CB582BF8-5A78-4F05-905F-27E139485294}.Release|Any CPU.ActiveCfg = Release|Any CPU
		{CB582BF8-5A78-4F05-905F-27E139485294}.Release|Any CPU.Build.0 = Release|Any CPU
		{8AF2013A-C681-4638-AD78-292D8BDCB569}.Debug|Any CPU.ActiveCfg = Debug|Any CPU
		{8AF2013A-C681-4638-AD78-292D8BDCB569}.Debug|Any CPU.Build.0 = Debug|Any CPU
		{8AF2013A-C681-4638-AD78-292D8BDCB569}.Release|Any CPU.ActiveCfg = Release|Any CPU
		{8AF2013A-C681-4638-AD78-292D8BDCB569}.Release|Any CPU.Build.0 = Release|Any CPU
		{DE1D2590-0B79-491B-B876-26561D468221}.Debug|Any CPU.ActiveCfg = Debug|Any CPU
		{DE1D2590-0B79-491B-B876-26561D468221}.Debug|Any CPU.Build.0 = Debug|Any CPU
		{DE1D2590-0B79-491B-B876-26561D468221}.Release|Any CPU.ActiveCfg = Release|Any CPU
		{DE1D2590-0B79-491B-B876-26561D468221}.Release|Any CPU.Build.0 = Release|Any CPU
		{236B6958-1D17-4B1E-AAF6-1A3A019FA773}.Debug|Any CPU.ActiveCfg = Debug|Any CPU
		{236B6958-1D17-4B1E-AAF6-1A3A019FA773}.Debug|Any CPU.Build.0 = Debug|Any CPU
		{236B6958-1D17-4B1E-AAF6-1A3A019FA773}.Release|Any CPU.ActiveCfg = Release|Any CPU
		{236B6958-1D17-4B1E-AAF6-1A3A019FA773}.Release|Any CPU.Build.0 = Release|Any CPU
		{093E0E90-B4E6-47D1-9C47-20B93D9934BA}.Debug|Any CPU.ActiveCfg = Debug|Any CPU
		{093E0E90-B4E6-47D1-9C47-20B93D9934BA}.Debug|Any CPU.Build.0 = Debug|Any CPU
		{093E0E90-B4E6-47D1-9C47-20B93D9934BA}.Release|Any CPU.ActiveCfg = Release|Any CPU
		{093E0E90-B4E6-47D1-9C47-20B93D9934BA}.Release|Any CPU.Build.0 = Release|Any CPU
		{9212F6D2-5DBA-4FA0-BA89-26B5D988E837}.Debug|Any CPU.ActiveCfg = Debug|Any CPU
		{9212F6D2-5DBA-4FA0-BA89-26B5D988E837}.Debug|Any CPU.Build.0 = Debug|Any CPU
		{9212F6D2-5DBA-4FA0-BA89-26B5D988E837}.Release|Any CPU.ActiveCfg = Release|Any CPU
		{9212F6D2-5DBA-4FA0-BA89-26B5D988E837}.Release|Any CPU.Build.0 = Release|Any CPU
		{55BD1517-97D6-48CF-BF25-F514F1F0D3D9}.Debug|Any CPU.ActiveCfg = Debug|Any CPU
		{55BD1517-97D6-48CF-BF25-F514F1F0D3D9}.Debug|Any CPU.Build.0 = Debug|Any CPU
		{55BD1517-97D6-48CF-BF25-F514F1F0D3D9}.Release|Any CPU.ActiveCfg = Release|Any CPU
		{55BD1517-97D6-48CF-BF25-F514F1F0D3D9}.Release|Any CPU.Build.0 = Release|Any CPU
		{F172573D-8A7B-4A67-8636-DE2D08E4012C}.Debug|Any CPU.ActiveCfg = Debug|Any CPU
		{F172573D-8A7B-4A67-8636-DE2D08E4012C}.Debug|Any CPU.Build.0 = Debug|Any CPU
		{F172573D-8A7B-4A67-8636-DE2D08E4012C}.Release|Any CPU.ActiveCfg = Release|Any CPU
		{F172573D-8A7B-4A67-8636-DE2D08E4012C}.Release|Any CPU.Build.0 = Release|Any CPU
	EndGlobalSection
	GlobalSection(SolutionProperties) = preSolution
		HideSolutionNode = FALSE
	EndGlobalSection
	GlobalSection(NestedProjects) = preSolution
		{71237A42-95D0-4659-8A52-93E0F972AC17} = {BE4DAC02-10ED-4535-9FC1-C8BD04291D97}
		{9C3F6A66-E9F1-49F7-AA04-1B870D4AD895} = {BE4DAC02-10ED-4535-9FC1-C8BD04291D97}
		{7EEFD5B8-F98C-403A-A31D-2FFBF927CDAB} = {BE4DAC02-10ED-4535-9FC1-C8BD04291D97}
		{CF0B3899-4A08-45EA-BB13-707FA49B8EBE} = {BE4DAC02-10ED-4535-9FC1-C8BD04291D97}
		{FD223FFE-0EB6-4CBF-96BB-C8008B76B72D} = {BE4DAC02-10ED-4535-9FC1-C8BD04291D97}
		{CB582BF8-5A78-4F05-905F-27E139485294} = {BE4DAC02-10ED-4535-9FC1-C8BD04291D97}
		{236B6958-1D17-4B1E-AAF6-1A3A019FA773} = {BE4DAC02-10ED-4535-9FC1-C8BD04291D97}
		{093E0E90-B4E6-47D1-9C47-20B93D9934BA} = {BE4DAC02-10ED-4535-9FC1-C8BD04291D97}
		{9212F6D2-5DBA-4FA0-BA89-26B5D988E837} = {BE4DAC02-10ED-4535-9FC1-C8BD04291D97}
		{55BD1517-97D6-48CF-BF25-F514F1F0D3D9} = {BE4DAC02-10ED-4535-9FC1-C8BD04291D97}
		{F172573D-8A7B-4A67-8636-DE2D08E4012C} = {BE4DAC02-10ED-4535-9FC1-C8BD04291D97}
	EndGlobalSection
	GlobalSection(ExtensibilityGlobals) = postSolution
		SolutionGuid = {B9202D58-E7A4-4F4A-ADD7-CBB52A9A9BC8}
	EndGlobalSection
EndGlobal
